github.com/thorsphere/lpcode v1.2.0 h1:c4UD9YX7Ky7XWxtAWkVCkIB1Ge9ncFUubkcNoQw6pX8=
github.com/thorsphere/lpcode v1.2.0/go.mod h1:poQxDgo0X3pkx8GcBUSU9p/H1sCIWrvE4r1dnrx8I40=
github.com/thorsphere/tsfio v1.9.0 h1:3XkQVhfQBBYQq3kbpbY5I6GR0HxSAa/1NCEcSV9p854=
github.com/thorsphere/tsfio v1.9.0/go.mod h1:BC+z8MPZI/pUaeIJJi+kE4AfKWHKCWub2nYVQCTTDbg=
