github.com/thorsphere/lpcode v1.1.2 h1:SLvZSPFn0qxwrra1fL/QF3S8MKY4467Llxq3RvFPtq8=
github.com/thorsphere/lpcode v1.1.2/go.mod h1:PloLyjJjtzyAjY/NtfZ2Erx3qjDowLKKBsXpfx5//OA=
github.com/thorsphere/tsfio v1.8.0 h1:KduF7Tqw1mJZ4LLcmXYNvo6iwijSEN2r33hWnN1O/KY=
github.com/thorsphere/tsfio v1.8.0/go.mod h1:KM157WLnfi0ffkR6c4P5vSvovqcRgmqXRkcbwnYGzPw=
